
Microsoft Visual Studio Solution File, Format Version 12.00
# Visual Studio 15
VisualStudioVersion = 15.0.27703.2047
MinimumVisualStudioVersion = 10.0.40219.1
Project("{FAE04EC0-301F-11D3-BF4B-00C04F79EFBC}") = "CarShop.App", "CarShop.App\CarShop.App.csproj", "{AE37A1A6-F37C-41E7-9BA3-6C7ECF762C29}"
EndProject
Global
	GlobalSection(SolutionConfigurationPlatforms) = preSolution
		Debug|Any CPU = Debug|Any CPU
		Release|Any CPU = Release|Any CPU
	EndGlobalSection
	GlobalSection(ProjectConfigurationPlatforms) = postSolution
		{AE37A1A6-F37C-41E7-9BA3-6C7ECF762C29}.Debug|Any CPU.ActiveCfg = Debug|Any CPU
		{AE37A1A6-F37C-41E7-9BA3-6C7ECF762C29}.Debug|Any CPU.Build.0 = Debug|Any CPU
		{AE37A1A6-F37C-41E7-9BA3-6C7ECF762C29}.Release|Any CPU.ActiveCfg = Release|Any CPU
		{AE37A1A6-F37C-41E7-9BA3-6C7ECF762C29}.Release|Any CPU.Build.0 = Release|Any CPU
	EndGlobalSection
	GlobalSection(SolutionProperties) = preSolution
		HideSolutionNode = FALSE
	EndGlobalSection
	GlobalSection(ExtensibilityGlobals) = postSolution
		SolutionGuid = {C71CDC97-13B8-4E34-8F28-D2E3EAF53FF6}
	EndGlobalSection
EndGlobal
